
Microsoft Visual Studio Solution File, Format Version 12.00
# Visual Studio Version 16
VisualStudioVersion = 16.0.29509.3
MinimumVisualStudioVersion = 10.0.40219.1
Project("{FAE04EC0-301F-11D3-BF4B-00C04F79EFBC}") = "ConsoleApp16", "ConsoleApp16\ConsoleApp16.csproj", "{1FC24B09-DAC5-49CF-BEE1-2DEDD5AF24ED}"
EndProject
Global
	GlobalSection(SolutionConfigurationPlatforms) = preSolution
		Debug|Any CPU = Debug|Any CPU
		Release|Any CPU = Release|Any CPU
	EndGlobalSection
	GlobalSection(ProjectConfigurationPlatforms) = postSolution
		{1FC24B09-DAC5-49CF-BEE1-2DEDD5AF24ED}.Debug|Any CPU.ActiveCfg = Debug|Any CPU
		{1FC24B09-DAC5-49CF-BEE1-2DEDD5AF24ED}.Debug|Any CPU.Build.0 = Debug|Any CPU
		{1FC24B09-DAC5-49CF-BEE1-2DEDD5AF24ED}.Release|Any CPU.ActiveCfg = Release|Any CPU
		{1FC24B09-DAC5-49CF-BEE1-2DEDD5AF24ED}.Release|Any CPU.Build.0 = Release|Any CPU
	EndGlobalSection
	GlobalSection(SolutionProperties) = preSolution
		HideSolutionNode = FALSE
	EndGlobalSection
	GlobalSection(ExtensibilityGlobals) = postSolution
		SolutionGuid = {225F52EC-2185-4273-8D91-4C3E901E9571}
	EndGlobalSection
EndGlobal
